// !$*UTF8*$!
{
	archiveVersion = 1;
	classes = {
	};
	objectVersion = 56;
	objects = {

/* Begin PBXBuildFile section */
		5907AE7B2BD8AD950009CC76 /* Theme.swift in Sources */ = {isa = PBXBuildFile; fileRef = 5907AE7A2BD8AD950009CC76 /* Theme.swift */; };
		5907AE7D2BD8AF3B0009CC76 /* DailyScrum.swift in Sources */ = {isa = PBXBuildFile; fileRef = 5907AE7C2BD8AF3B0009CC76 /* DailyScrum.swift */; };
		5907AE7F2BD8B0880009CC76 /* CardView.swift in Sources */ = {isa = PBXBuildFile; fileRef = 5907AE7E2BD8B0880009CC76 /* CardView.swift */; };
		5907AE812BD8D6E50009CC76 /* TrailingIconLabelStyle.swift in Sources */ = {isa = PBXBuildFile; fileRef = 5907AE802BD8D6E50009CC76 /* TrailingIconLabelStyle.swift */; };
		5907AE832BD8DB160009CC76 /* ScrumsView.swift in Sources */ = {isa = PBXBuildFile; fileRef = 5907AE822BD8DB160009CC76 /* ScrumsView.swift */; };
		59404CAF2BE0757B009A602B /* DetailView.swift in Sources */ = {isa = PBXBuildFile; fileRef = 59404CAE2BE0757B009A602B /* DetailView.swift */; };
		59404CB12BE0D6A6009A602B /* DetailEditView.swift in Sources */ = {isa = PBXBuildFile; fileRef = 59404CB02BE0D6A6009A602B /* DetailEditView.swift */; };
		594B736F2BE1283B002865B0 /* ThemeView.swift in Sources */ = {isa = PBXBuildFile; fileRef = 594B736E2BE1283B002865B0 /* ThemeView.swift */; };
		594B73712BE12981002865B0 /* ThemePicker.swift in Sources */ = {isa = PBXBuildFile; fileRef = 594B73702BE12981002865B0 /* ThemePicker.swift */; };
		594B73732BE137BE002865B0 /* MeetingHeaderView.swift in Sources */ = {isa = PBXBuildFile; fileRef = 594B73722BE137BE002865B0 /* MeetingHeaderView.swift */; };
		5974D81B2BD7F36400E7F453 /* ScrumbDingerApp.swift in Sources */ = {isa = PBXBuildFile; fileRef = 5974D81A2BD7F36400E7F453 /* ScrumbDingerApp.swift */; };
		5974D81D2BD7F36400E7F453 /* MeetingView.swift in Sources */ = {isa = PBXBuildFile; fileRef = 5974D81C2BD7F36400E7F453 /* MeetingView.swift */; };
		5974D81F2BD7F36500E7F453 /* Assets.xcassets in Resources */ = {isa = PBXBuildFile; fileRef = 5974D81E2BD7F36500E7F453 /* Assets.xcassets */; };
		5974D8222BD7F36500E7F453 /* Preview Assets.xcassets in Resources */ = {isa = PBXBuildFile; fileRef = 5974D8212BD7F36500E7F453 /* Preview Assets.xcassets */; };
/* End PBXBuildFile section */

/* Begin PBXFileReference section */
		5907AE7A2BD8AD950009CC76 /* Theme.swift */ = {isa = PBXFileReference; lastKnownFileType = sourcecode.swift; path = Theme.swift; sourceTree = "<group>"; };
		5907AE7C2BD8AF3B0009CC76 /* DailyScrum.swift */ = {isa = PBXFileReference; lastKnownFileType = sourcecode.swift; path = DailyScrum.swift; sourceTree = "<group>"; };
		5907AE7E2BD8B0880009CC76 /* CardView.swift */ = {isa = PBXFileReference; lastKnownFileType = sourcecode.swift; path = CardView.swift; sourceTree = "<group>"; };
		5907AE802BD8D6E50009CC76 /* TrailingIconLabelStyle.swift */ = {isa = PBXFileReference; lastKnownFileType = sourcecode.swift; path = TrailingIconLabelStyle.swift; sourceTree = "<group>"; };
		5907AE822BD8DB160009CC76 /* ScrumsView.swift */ = {isa = PBXFileReference; lastKnownFileType = sourcecode.swift; path = ScrumsView.swift; sourceTree = "<group>"; };
		59404CAE2BE0757B009A602B /* DetailView.swift */ = {isa = PBXFileReference; lastKnownFileType = sourcecode.swift; path = DetailView.swift; sourceTree = "<group>"; };
		59404CB02BE0D6A6009A602B /* DetailEditView.swift */ = {isa = PBXFileReference; lastKnownFileType = sourcecode.swift; path = DetailEditView.swift; sourceTree = "<group>"; };
		594B736E2BE1283B002865B0 /* ThemeView.swift */ = {isa = PBXFileReference; lastKnownFileType = sourcecode.swift; path = ThemeView.swift; sourceTree = "<group>"; };
		594B73702BE12981002865B0 /* ThemePicker.swift */ = {isa = PBXFileReference; lastKnownFileType = sourcecode.swift; path = ThemePicker.swift; sourceTree = "<group>"; };
		594B73722BE137BE002865B0 /* MeetingHeaderView.swift */ = {isa = PBXFileReference; lastKnownFileType = sourcecode.swift; path = MeetingHeaderView.swift; sourceTree = "<group>"; };
		5974D8172BD7F36400E7F453 /* ScrumbDinger.app */ = {isa = PBXFileReference; explicitFileType = wrapper.application; includeInIndex = 0; path = ScrumbDinger.app; sourceTree = BUILT_PRODUCTS_DIR; };
		5974D81A2BD7F36400E7F453 /* ScrumbDingerApp.swift */ = {isa = PBXFileReference; lastKnownFileType = sourcecode.swift; path = ScrumbDingerApp.swift; sourceTree = "<group>"; };
		5974D81C2BD7F36400E7F453 /* MeetingView.swift */ = {isa = PBXFileReference; lastKnownFileType = sourcecode.swift; path = MeetingView.swift; sourceTree = "<group>"; };
		5974D81E2BD7F36500E7F453 /* Assets.xcassets */ = {isa = PBXFileReference; lastKnownFileType = folder.assetcatalog; path = Assets.xcassets; sourceTree = "<group>"; };
		5974D8212BD7F36500E7F453 /* Preview Assets.xcassets */ = {isa = PBXFileReference; lastKnownFileType = folder.assetcatalog; path = "Preview Assets.xcassets"; sourceTree = "<group>"; };
/* End PBXFileReference section */

/* Begin PBXFrameworksBuildPhase section */
		5974D8142BD7F36400E7F453 /* Frameworks */ = {
			isa = PBXFrameworksBuildPhase;
			buildActionMask = 2147483647;
			files = (
			);
			runOnlyForDeploymentPostprocessing = 0;
		};
/* End PBXFrameworksBuildPhase section */

/* Begin PBXGroup section */
		5907AE792BD8AD6E0009CC76 /* Models */ = {
			isa = PBXGroup;
			children = (
				5907AE7A2BD8AD950009CC76 /* Theme.swift */,
				5907AE7C2BD8AF3B0009CC76 /* DailyScrum.swift */,
			);
			path = Models;
			sourceTree = "<group>";
		};
		5974D80E2BD7F36400E7F453 = {
			isa = PBXGroup;
			children = (
				5974D8192BD7F36400E7F453 /* ScrumbDinger */,
				5974D8182BD7F36400E7F453 /* Products */,
			);
			sourceTree = "<group>";
		};
		5974D8182BD7F36400E7F453 /* Products */ = {
			isa = PBXGroup;
			children = (
				5974D8172BD7F36400E7F453 /* ScrumbDinger.app */,
			);
			name = Products;
			sourceTree = "<group>";
		};
		5974D8192BD7F36400E7F453 /* ScrumbDinger */ = {
			isa = PBXGroup;
			children = (
				5974D81A2BD7F36400E7F453 /* ScrumbDingerApp.swift */,
				5974D81C2BD7F36400E7F453 /* MeetingView.swift */,
				594B73722BE137BE002865B0 /* MeetingHeaderView.swift */,
				5907AE7E2BD8B0880009CC76 /* CardView.swift */,
				5907AE822BD8DB160009CC76 /* ScrumsView.swift */,
				59404CAE2BE0757B009A602B /* DetailView.swift */,
				594B736E2BE1283B002865B0 /* ThemeView.swift */,
				594B73702BE12981002865B0 /* ThemePicker.swift */,
				5907AE802BD8D6E50009CC76 /* TrailingIconLabelStyle.swift */,
				59404CB02BE0D6A6009A602B /* DetailEditView.swift */,
				5907AE792BD8AD6E0009CC76 /* Models */,
				5974D81E2BD7F36500E7F453 /* Assets.xcassets */,
				5974D8202BD7F36500E7F453 /* Preview Content */,
			);
			path = ScrumbDinger;
			sourceTree = "<group>";
		};
		5974D8202BD7F36500E7F453 /* Preview Content */ = {
			isa = PBXGroup;
			children = (
				5974D8212BD7F36500E7F453 /* Preview Assets.xcassets */,
			);
			path = "Preview Content";
			sourceTree = "<group>";
		};
/* End PBXGroup section */

/* Begin PBXNativeTarget section */
		5974D8162BD7F36400E7F453 /* ScrumbDinger */ = {
			isa = PBXNativeTarget;
			buildConfigurationList = 5974D8252BD7F36500E7F453 /* Build configuration list for PBXNativeTarget "ScrumbDinger" */;
			buildPhases = (
				5974D8132BD7F36400E7F453 /* Sources */,
				5974D8142BD7F36400E7F453 /* Frameworks */,
				5974D8152BD7F36400E7F453 /* Resources */,
			);
			buildRules = (
			);
			dependencies = (
			);
			name = ScrumbDinger;
			productName = ScrumbDinger;
			productReference = 5974D8172BD7F36400E7F453 /* ScrumbDinger.app */;
			productType = "com.apple.product-type.application";
		};
/* End PBXNativeTarget section */

/* Begin PBXProject section */
		5974D80F2BD7F36400E7F453 /* Project object */ = {
			isa = PBXProject;
			attributes = {
				BuildIndependentTargetsInParallel = 1;
				LastSwiftUpdateCheck = 1530;
				LastUpgradeCheck = 1530;
				TargetAttributes = {
					5974D8162BD7F36400E7F453 = {
						CreatedOnToolsVersion = 15.3;
					};
				};
			};
			buildConfigurationList = 5974D8122BD7F36400E7F453 /* Build configuration list for PBXProject "ScrumbDinger" */;
			compatibilityVersion = "Xcode 14.0";
			developmentRegion = en;
			hasScannedForEncodings = 0;
			knownRegions = (
				en,
				Base,
			);
			mainGroup = 5974D80E2BD7F36400E7F453;
			productRefGroup = 5974D8182BD7F36400E7F453 /* Products */;
			projectDirPath = "";
			projectRoot = "";
			targets = (
				5974D8162BD7F36400E7F453 /* ScrumbDinger */,
			);
		};
/* End PBXProject section */

/* Begin PBXResourcesBuildPhase section */
		5974D8152BD7F36400E7F453 /* Resources */ = {
			isa = PBXResourcesBuildPhase;
			buildActionMask = 2147483647;
			files = (
				5974D8222BD7F36500E7F453 /* Preview Assets.xcassets in Resources */,
				5974D81F2BD7F36500E7F453 /* Assets.xcassets in Resources */,
			);
			runOnlyForDeploymentPostprocessing = 0;
		};
/* End PBXResourcesBuildPhase section */

/* Begin PBXSourcesBuildPhase section */
		5974D8132BD7F36400E7F453 /* Sources */ = {
			isa = PBXSourcesBuildPhase;
			buildActionMask = 2147483647;
			files = (
				594B73712BE12981002865B0 /* ThemePicker.swift in Sources */,
				5907AE7D2BD8AF3B0009CC76 /* DailyScrum.swift in Sources */,
				59404CAF2BE0757B009A602B /* DetailView.swift in Sources */,
				594B73732BE137BE002865B0 /* MeetingHeaderView.swift in Sources */,
				59404CB12BE0D6A6009A602B /* DetailEditView.swift in Sources */,
				5907AE812BD8D6E50009CC76 /* TrailingIconLabelStyle.swift in Sources */,
				5907AE7B2BD8AD950009CC76 /* Theme.swift in Sources */,
				5907AE832BD8DB160009CC76 /* ScrumsView.swift in Sources */,
				5974D81D2BD7F36400E7F453 /* MeetingView.swift in Sources */,
				5974D81B2BD7F36400E7F453 /* ScrumbDingerApp.swift in Sources */,
				594B736F2BE1283B002865B0 /* ThemeView.swift in Sources */,
				5907AE7F2BD8B0880009CC76 /* CardView.swift in Sources */,
			);
			runOnlyForDeploymentPostprocessing = 0;
		};
/* End PBXSourcesBuildPhase section */

/* Begin XCBuildConfiguration section */
		5974D8232BD7F36500E7F453 /* Debug */ = {
			isa = XCBuildConfiguration;
			buildSettings = {
				ALWAYS_SEARCH_USER_PATHS = NO;
				ASSETCATALOG_COMPILER_GENERATE_SWIFT_ASSET_SYMBOL_EXTENSIONS = YES;
				CLANG_ANALYZER_NONNULL = YES;
				CLANG_ANALYZER_NUMBER_OBJECT_CONVERSION = YES_AGGRESSIVE;
				CLANG_CXX_LANGUAGE_STANDARD = "gnu++20";
				CLANG_ENABLE_MODULES = YES;
				CLANG_ENABLE_OBJC_ARC = YES;
				CLANG_ENABLE_OBJC_WEAK = YES;
				CLANG_WARN_BLOCK_CAPTURE_AUTORELEASING = YES;
				CLANG_WARN_BOOL_CONVERSION = YES;
				CLANG_WARN_COMMA = YES;
				CLANG_WARN_CONSTANT_CONVERSION = YES;
				CLANG_WARN_DEPRECATED_OBJC_IMPLEMENTATIONS = YES;
				CLANG_WARN_DIRECT_OBJC_ISA_USAGE = YES_ERROR;
				CLANG_WARN_DOCUMENTATION_COMMENTS = YES;
				CLANG_WARN_EMPTY_BODY = YES;
				CLANG_WARN_ENUM_CONVERSION = YES;
				CLANG_WARN_INFINITE_RECURSION = YES;
				CLANG_WARN_INT_CONVERSION = YES;
				CLANG_WARN_NON_LITERAL_NULL_CONVERSION = YES;
				CLANG_WARN_OBJC_IMPLICIT_RETAIN_SELF = YES;
				CLANG_WARN_OBJC_LITERAL_CONVERSION = YES;
				CLANG_WARN_OBJC_ROOT_CLASS = YES_ERROR;
				CLANG_WARN_QUOTED_INCLUDE_IN_FRAMEWORK_HEADER = YES;
				CLANG_WARN_RANGE_LOOP_ANALYSIS = YES;
				CLANG_WARN_STRICT_PROTOTYPES = YES;
				CLANG_WARN_SUSPICIOUS_MOVE = YES;
				CLANG_WARN_UNGUARDED_AVAILABILITY = YES_AGGRESSIVE;
				CLANG_WARN_UNREACHABLE_CODE = YES;
				CLANG_WARN__DUPLICATE_METHOD_MATCH = YES;
				COPY_PHASE_STRIP = NO;
				DEBUG_INFORMATION_FORMAT = dwarf;
				ENABLE_STRICT_OBJC_MSGSEND = YES;
				ENABLE_TESTABILITY = YES;
				ENABLE_USER_SCRIPT_SANDBOXING = YES;
				GCC_C_LANGUAGE_STANDARD = gnu17;
				GCC_DYNAMIC_NO_PIC = NO;
				GCC_NO_COMMON_BLOCKS = YES;
				GCC_OPTIMIZATION_LEVEL = 0;
				GCC_PREPROCESSOR_DEFINITIONS = (
					"DEBUG=1",
					"$(inherited)",
				);
				GCC_WARN_64_TO_32_BIT_CONVERSION = YES;
				GCC_WARN_ABOUT_RETURN_TYPE = YES_ERROR;
				GCC_WARN_UNDECLARED_SELECTOR = YES;
				GCC_WARN_UNINITIALIZED_AUTOS = YES_AGGRESSIVE;
				GCC_WARN_UNUSED_FUNCTION = YES;
				GCC_WARN_UNUSED_VARIABLE = YES;
				IPHONEOS_DEPLOYMENT_TARGET = 17.4;
				LOCALIZATION_PREFERS_STRING_CATALOGS = YES;
				MTL_ENABLE_DEBUG_INFO = INCLUDE_SOURCE;
				MTL_FAST_MATH = YES;
				ONLY_ACTIVE_ARCH = YES;
				SDKROOT = iphoneos;
				SWIFT_ACTIVE_COMPILATION_CONDITIONS = "DEBUG $(inherited)";
				SWIFT_OPTIMIZATION_LEVEL = "-Onone";
			};
			name = Debug;
		};
		5974D8242BD7F36500E7F453 /* Release */ = {
			isa = XCBuildConfiguration;
			buildSettings = {
				ALWAYS_SEARCH_USER_PATHS = NO;
				ASSETCATALOG_COMPILER_GENERATE_SWIFT_ASSET_SYMBOL_EXTENSIONS = YES;
				CLANG_ANALYZER_NONNULL = YES;
				CLANG_ANALYZER_NUMBER_OBJECT_CONVERSION = YES_AGGRESSIVE;
				CLANG_CXX_LANGUAGE_STANDARD = "gnu++20";
				CLANG_ENABLE_MODULES = YES;
				CLANG_ENABLE_OBJC_ARC = YES;
				CLANG_ENABLE_OBJC_WEAK = YES;
				CLANG_WARN_BLOCK_CAPTURE_AUTORELEASING = YES;
				CLANG_WARN_BOOL_CONVERSION = YES;
				CLANG_WARN_COMMA = YES;
				CLANG_WARN_CONSTANT_CONVERSION = YES;
				CLANG_WARN_DEPRECATED_OBJC_IMPLEMENTATIONS = YES;
				CLANG_WARN_DIRECT_OBJC_ISA_USAGE = YES_ERROR;
				CLANG_WARN_DOCUMENTATION_COMMENTS = YES;
				CLANG_WARN_EMPTY_BODY = YES;
				CLANG_WARN_ENUM_CONVERSION = YES;
				CLANG_WARN_INFINITE_RECURSION = YES;
				CLANG_WARN_INT_CONVERSION = YES;
				CLANG_WARN_NON_LITERAL_NULL_CONVERSION = YES;
				CLANG_WARN_OBJC_IMPLICIT_RETAIN_SELF = YES;
				CLANG_WARN_OBJC_LITERAL_CONVERSION = YES;
				CLANG_WARN_OBJC_ROOT_CLASS = YES_ERROR;
				CLANG_WARN_QUOTED_INCLUDE_IN_FRAMEWORK_HEADER = YES;
				CLANG_WARN_RANGE_LOOP_ANALYSIS = YES;
				CLANG_WARN_STRICT_PROTOTYPES = YES;
				CLANG_WARN_SUSPICIOUS_MOVE = YES;
				CLANG_WARN_UNGUARDED_AVAILABILITY = YES_AGGRESSIVE;
				CLANG_WARN_UNREACHABLE_CODE = YES;
				CLANG_WARN__DUPLICATE_METHOD_MATCH = YES;
				COPY_PHASE_STRIP = NO;
				DEBUG_INFORMATION_FORMAT = "dwarf-with-dsym";
				ENABLE_NS_ASSERTIONS = NO;
				ENABLE_STRICT_OBJC_MSGSEND = YES;
				ENABLE_USER_SCRIPT_SANDBOXING = YES;
				GCC_C_LANGUAGE_STANDARD = gnu17;
				GCC_NO_COMMON_BLOCKS = YES;
				GCC_WARN_64_TO_32_BIT_CONVERSION = YES;
				GCC_WARN_ABOUT_RETURN_TYPE = YES_ERROR;
				GCC_WARN_UNDECLARED_SELECTOR = YES;
				GCC_WARN_UNINITIALIZED_AUTOS = YES_AGGRESSIVE;
				GCC_WARN_UNUSED_FUNCTION = YES;
				GCC_WARN_UNUSED_VARIABLE = YES;
				IPHONEOS_DEPLOYMENT_TARGET = 17.4;
				LOCALIZATION_PREFERS_STRING_CATALOGS = YES;
				MTL_ENABLE_DEBUG_INFO = NO;
				MTL_FAST_MATH = YES;
				SDKROOT = iphoneos;
				SWIFT_COMPILATION_MODE = wholemodule;
				VALIDATE_PRODUCT = YES;
			};
			name = Release;
		};
		5974D8262BD7F36500E7F453 /* Debug */ = {
			isa = XCBuildConfiguration;
			buildSettings = {
				ASSETCATALOG_COMPILER_APPICON_NAME = AppIcon;
				ASSETCATALOG_COMPILER_GLOBAL_ACCENT_COLOR_NAME = AccentColor;
				CODE_SIGN_STYLE = Automatic;
				CURRENT_PROJECT_VERSION = 1;
				DEVELOPMENT_ASSET_PATHS = "\"ScrumbDinger/Preview Content\"";
				DEVELOPMENT_TEAM = 8N4M7PA2K3;
				ENABLE_PREVIEWS = YES;
				GENERATE_INFOPLIST_FILE = YES;
				INFOPLIST_KEY_UIApplicationSceneManifest_Generation = YES;
				INFOPLIST_KEY_UIApplicationSupportsIndirectInputEvents = YES;
				INFOPLIST_KEY_UILaunchScreen_Generation = YES;
				INFOPLIST_KEY_UISupportedInterfaceOrientations_iPad = "UIInterfaceOrientationPortrait UIInterfaceOrientationPortraitUpsideDown UIInterfaceOrientationLandscapeLeft UIInterfaceOrientationLandscapeRight";
				INFOPLIST_KEY_UISupportedInterfaceOrientations_iPhone = "UIInterfaceOrientationPortrait UIInterfaceOrientationLandscapeLeft UIInterfaceOrientationLandscapeRight";
				LD_RUNPATH_SEARCH_PATHS = (
					"$(inherited)",
					"@executable_path/Frameworks",
				);
				MARKETING_VERSION = 1.0;
				PRODUCT_BUNDLE_IDENTIFIER = "com.xxy-mm.ScrumbDinger";
				PRODUCT_NAME = "$(TARGET_NAME)";
				SWIFT_EMIT_LOC_STRINGS = YES;
				SWIFT_VERSION = 5.0;
				TARGETED_DEVICE_FAMILY = "1,2";
			};
			name = Debug;
		};
		5974D8272BD7F36500E7F453 /* Release */ = {
			isa = XCBuildConfiguration;
			buildSettings = {
				ASSETCATALOG_COMPILER_APPICON_NAME = AppIcon;
				ASSETCATALOG_COMPILER_GLOBAL_ACCENT_COLOR_NAME = AccentColor;
				CODE_SIGN_STYLE = Automatic;
				CURRENT_PROJECT_VERSION = 1;
				DEVELOPMENT_ASSET_PATHS = "\"ScrumbDinger/Preview Content\"";
				DEVELOPMENT_TEAM = 8N4M7PA2K3;
				ENABLE_PREVIEWS = YES;
				GENERATE_INFOPLIST_FILE = YES;
				INFOPLIST_KEY_UIApplicationSceneManifest_Generation = YES;
				INFOPLIST_KEY_UIApplicationSupportsIndirectInputEvents = YES;
				INFOPLIST_KEY_UILaunchScreen_Generation = YES;
				INFOPLIST_KEY_UISupportedInterfaceOrientations_iPad = "UIInterfaceOrientationPortrait UIInterfaceOrientationPortraitUpsideDown UIInterfaceOrientationLandscapeLeft UIInterfaceOrientationLandscapeRight";
				INFOPLIST_KEY_UISupportedInterfaceOrientations_iPhone = "UIInterfaceOrientationPortrait UIInterfaceOrientationLandscapeLeft UIInterfaceOrientationLandscapeRight";
				LD_RUNPATH_SEARCH_PATHS = (
					"$(inherited)",
					"@executable_path/Frameworks",
				);
				MARKETING_VERSION = 1.0;
				PRODUCT_BUNDLE_IDENTIFIER = "com.xxy-mm.ScrumbDinger";
				PRODUCT_NAME = "$(TARGET_NAME)";
				SWIFT_EMIT_LOC_STRINGS = YES;
				SWIFT_VERSION = 5.0;
				TARGETED_DEVICE_FAMILY = "1,2";
			};
			name = Release;
		};
/* End XCBuildConfiguration section */

/* Begin XCConfigurationList section */
		5974D8122BD7F36400E7F453 /* Build configuration list for PBXProject "ScrumbDinger" */ = {
			isa = XCConfigurationList;
			buildConfigurations = (
				5974D8232BD7F36500E7F453 /* Debug */,
				5974D8242BD7F36500E7F453 /* Release */,
			);
			defaultConfigurationIsVisible = 0;
			defaultConfigurationName = Release;
		};
		5974D8252BD7F36500E7F453 /* Build configuration list for PBXNativeTarget "ScrumbDinger" */ = {
			isa = XCConfigurationList;
			buildConfigurations = (
				5974D8262BD7F36500E7F453 /* Debug */,
				5974D8272BD7F36500E7F453 /* Release */,
			);
			defaultConfigurationIsVisible = 0;
			defaultConfigurationName = Release;
		};
/* End XCConfigurationList section */
	};
	rootObject = 5974D80F2BD7F36400E7F453 /* Project object */;
}
